
Microsoft Visual Studio Solution File, Format Version 12.00
# Visual Studio Version 17
VisualStudioVersion = 17.2.32616.157
MinimumVisualStudioVersion = 10.0.40219.1
Project("{9A19103F-16F7-4668-BE54-9A1E7A4F7556}") = "GestionAgilDeProyectos", "GestionAgilDeProyectos\GestionAgilDeProyectos.csproj", "{FECDB10C-8496-4E94-9148-AB256182B2BF}"
EndProject
Global
	GlobalSection(SolutionConfigurationPlatforms) = preSolution
		Debug|Any CPU = Debug|Any CPU
		Release|Any CPU = Release|Any CPU
	EndGlobalSection
	GlobalSection(ProjectConfigurationPlatforms) = postSolution
		{FECDB10C-8496-4E94-9148-AB256182B2BF}.Debug|Any CPU.ActiveCfg = Debug|Any CPU
		{FECDB10C-8496-4E94-9148-AB256182B2BF}.Debug|Any CPU.Build.0 = Debug|Any CPU
		{FECDB10C-8496-4E94-9148-AB256182B2BF}.Release|Any CPU.ActiveCfg = Release|Any CPU
		{FECDB10C-8496-4E94-9148-AB256182B2BF}.Release|Any CPU.Build.0 = Release|Any CPU
	EndGlobalSection
	GlobalSection(SolutionProperties) = preSolution
		HideSolutionNode = FALSE
	EndGlobalSection
	GlobalSection(ExtensibilityGlobals) = postSolution
		SolutionGuid = {E7C49070-A5E2-4190-B93C-EF776C98C266}
	EndGlobalSection
EndGlobal
